Microsoft Visual Studio Solution File, Format Version 8.00
Project("{8BC9CEB8-8B4A-11D0-8D11-00A0C91BC942}") = "CSharp_binding_win32DLL-libxml", "CSharp_binding_win32-libxml-vs2003.vcproj", "{5AA48709-30C4-433C-B29B-EE09F618A1C3}"
	ProjectSection(ProjectDependencies) = postProject
	EndProjectSection
EndProject
Project("{FAE04EC0-301F-11D3-BF4B-00C04F79EFBC}") = "CSharp_binding_cspDLL-vs2003", "CSharp_binding_cspDLL-vs2003.csproj", "{681E5A63-A45D-47A7-B2F9-687E9D456749}"
	ProjectSection(ProjectDependencies) = postProject
		{5AA48709-30C4-433C-B29B-EE09F618A1C3} = {5AA48709-30C4-433C-B29B-EE09F618A1C3}
	EndProjectSection
EndProject
Project("{FAE04EC0-301F-11D3-BF4B-00C04F79EFBC}") = "CSharp_binding_TestRW-vs2003", "CSharp_binding_TestRW-vs2003.csproj", "{05C7687F-09D1-4DCB-84F1-02184867C890}"
	ProjectSection(ProjectDependencies) = postProject
		{5AA48709-30C4-433C-B29B-EE09F618A1C3} = {5AA48709-30C4-433C-B29B-EE09F618A1C3}
		{681E5A63-A45D-47A7-B2F9-687E9D456749} = {681E5A63-A45D-47A7-B2F9-687E9D456749}
	EndProjectSection
EndProject
Global
	GlobalSection(SolutionConfiguration) = preSolution
		Debug = Debug
		Release = Release
	EndGlobalSection
	GlobalSection(ProjectDependencies) = postSolution
	EndGlobalSection
	GlobalSection(ProjectConfiguration) = postSolution
		{5AA48709-30C4-433C-B29B-EE09F618A1C3}.Debug.ActiveCfg = Debug|Win32
		{5AA48709-30C4-433C-B29B-EE09F618A1C3}.Debug.Build.0 = Debug|Win32
		{5AA48709-30C4-433C-B29B-EE09F618A1C3}.Release.ActiveCfg = Release|Win32
		{5AA48709-30C4-433C-B29B-EE09F618A1C3}.Release.Build.0 = Release|Win32
		{681E5A63-A45D-47A7-B2F9-687E9D456749}.Debug.ActiveCfg = Debug|.NET
		{681E5A63-A45D-47A7-B2F9-687E9D456749}.Debug.Build.0 = Debug|.NET
		{681E5A63-A45D-47A7-B2F9-687E9D456749}.Release.ActiveCfg = Release|.NET
		{681E5A63-A45D-47A7-B2F9-687E9D456749}.Release.Build.0 = Release|.NET
		{05C7687F-09D1-4DCB-84F1-02184867C890}.Debug.ActiveCfg = Debug|.NET
		{05C7687F-09D1-4DCB-84F1-02184867C890}.Debug.Build.0 = Debug|.NET
		{05C7687F-09D1-4DCB-84F1-02184867C890}.Release.ActiveCfg = Release|.NET
		{05C7687F-09D1-4DCB-84F1-02184867C890}.Release.Build.0 = Release|.NET
	EndGlobalSection
	GlobalSection(ExtensibilityGlobals) = postSolution
	EndGlobalSection
	GlobalSection(ExtensibilityAddIns) = postSolution
	EndGlobalSection
EndGlobal
