Microsoft Visual Studio Solution File, Format Version 8.00
Project("{8BC9CEB8-8B4A-11D0-8D11-00A0C91BC942}") = "libsbml", "libsbml.vcproj", "{713656C6-8BBB-40DC-9B5C-F13443DBE12C}"
	ProjectSection(ProjectDependencies) = postProject
	EndProjectSection
EndProject
Global
	GlobalSection(SolutionConfiguration) = preSolution
		Debug = Debug
		Release = Release
	EndGlobalSection
	GlobalSection(ProjectConfiguration) = postSolution
		{713656C6-8BBB-40DC-9B5C-F13443DBE12C}.Debug.ActiveCfg = Debug|Win32
		{713656C6-8BBB-40DC-9B5C-F13443DBE12C}.Debug.Build.0 = Debug|Win32
		{713656C6-8BBB-40DC-9B5C-F13443DBE12C}.Release.ActiveCfg = Release|Win32
		{713656C6-8BBB-40DC-9B5C-F13443DBE12C}.Release.Build.0 = Release|Win32
	EndGlobalSection
	GlobalSection(ExtensibilityGlobals) = postSolution
	EndGlobalSection
	GlobalSection(ExtensibilityAddIns) = postSolution
	EndGlobalSection
EndGlobal
