Microsoft Visual Studio Solution File, Format Version 8.00
Project("{8BC9CEB8-8B4A-11D0-8D11-00A0C91BC942}") = "libsbml", "libsbml_xml.vcproj", "{713656C6-8BBB-40DC-9B5C-F13443DBF23D}"
	ProjectSection(ProjectDependencies) = postProject
	EndProjectSection
EndProject
Project("{8BC9CEB8-8B4A-11D0-8D11-00A0C91BC942}") = "validateSBML", "validateSBML.vcproj", "{BEE99AD9-8649-48CA-A095-9A80AC0FDFDF}"
	ProjectSection(ProjectDependencies) = postProject
		{713656C6-8BBB-40DC-9B5C-F13443DBF23D} = {713656C6-8BBB-40DC-9B5C-F13443DBF23D}
	EndProjectSection
EndProject
Project("{8BC9CEB8-8B4A-11D0-8D11-00A0C91BC942}") = "convertSBML", "convertSBML.vcproj", "{1574F9F3-425F-4726-A338-C6EBB3076BAF}"
	ProjectSection(ProjectDependencies) = postProject
		{713656C6-8BBB-40DC-9B5C-F13443DBF23D} = {713656C6-8BBB-40DC-9B5C-F13443DBF23D}
	EndProjectSection
EndProject
Project("{8BC9CEB8-8B4A-11D0-8D11-00A0C91BC942}") = "echoSBML", "echoSBML.vcproj", "{BEE99AD9-8649-48CA-A095-9A80AC4FDFDF}"
	ProjectSection(ProjectDependencies) = postProject
		{713656C6-8BBB-40DC-9B5C-F13443DBF23D} = {713656C6-8BBB-40DC-9B5C-F13443DBF23D}
	EndProjectSection
EndProject
Global
	GlobalSection(SolutionConfiguration) = preSolution
		Debug = Debug
		Release = Release
	EndGlobalSection
	GlobalSection(ProjectConfiguration) = postSolution
		{713656C6-8BBB-40DC-9B5C-F13443DBF23D}.Debug.ActiveCfg = Debug|Win32
		{713656C6-8BBB-40DC-9B5C-F13443DBF23D}.Debug.Build.0 = Debug|Win32
		{713656C6-8BBB-40DC-9B5C-F13443DBF23D}.Release.ActiveCfg = Release|Win32
		{713656C6-8BBB-40DC-9B5C-F13443DBF23D}.Release.Build.0 = Release|Win32
		{BEE99AD9-8649-48CA-A095-9A80AC0FDFDF}.Debug.ActiveCfg = Debug|Win32
		{BEE99AD9-8649-48CA-A095-9A80AC0FDFDF}.Debug.Build.0 = Debug|Win32
		{BEE99AD9-8649-48CA-A095-9A80AC0FDFDF}.Release.ActiveCfg = Release|Win32
		{BEE99AD9-8649-48CA-A095-9A80AC0FDFDF}.Release.Build.0 = Release|Win32
		{1574F9F3-425F-4726-A338-C6EBB3076BAF}.Debug.ActiveCfg = Debug|Win32
		{1574F9F3-425F-4726-A338-C6EBB3076BAF}.Debug.Build.0 = Debug|Win32
		{1574F9F3-425F-4726-A338-C6EBB3076BAF}.Release.ActiveCfg = Release|Win32
		{1574F9F3-425F-4726-A338-C6EBB3076BAF}.Release.Build.0 = Release|Win32
		{BEE99AD9-8649-48CA-A095-9A80AC4FDFDF}.Debug.ActiveCfg = Debug|Win32
		{BEE99AD9-8649-48CA-A095-9A80AC4FDFDF}.Debug.Build.0 = Debug|Win32
		{BEE99AD9-8649-48CA-A095-9A80AC4FDFDF}.Release.ActiveCfg = Release|Win32
		{BEE99AD9-8649-48CA-A095-9A80AC4FDFDF}.Release.Build.0 = Release|Win32
	EndGlobalSection
	GlobalSection(ExtensibilityGlobals) = postSolution
	EndGlobalSection
	GlobalSection(ExtensibilityAddIns) = postSolution
	EndGlobalSection
EndGlobal
